// !$*UTF8*$!
{
	archiveVersion = 1;
	classes = {
	};
	objectVersion = 77;
	objects = {

/* Begin PBXContainerItemProxy section */
		11A970B82D8BCEEF00400C18 /* PBXContainerItemProxy */ = {
			isa = PBXContainerItemProxy;
			containerPortal = 11A9709F2D8BCEED00400C18 /* Project object */;
			proxyType = 1;
			remoteGlobalIDString = 11A970A62D8BCEED00400C18;
			remoteInfo = ShambaGo;
		};
		11A970C22D8BCEEF00400C18 /* PBXContainerItemProxy */ = {
			isa = PBXContainerItemProxy;
			containerPortal = 11A9709F2D8BCEED00400C18 /* Project object */;
			proxyType = 1;
			remoteGlobalIDString = 11A970A62D8BCEED00400C18;
			remoteInfo = ShambaGo;
		};
/* End PBXContainerItemProxy section */

/* Begin PBXFileReference section */
		11A970A72D8BCEED00400C18 /* ShambaGo.app */ = {isa = PBXFileReference; explicitFileType = wrapper.application; includeInIndex = 0; path = ShambaGo.app; sourceTree = BUILT_PRODUCTS_DIR; };
		11A970B72D8BCEEF00400C18 /* ShambaGoTests.xctest */ = {isa = PBXFileReference; explicitFileType = wrapper.cfbundle; includeInIndex = 0; path = ShambaGoTests.xctest; sourceTree = BUILT_PRODUCTS_DIR; };
		11A970C12D8BCEEF00400C18 /* ShambaGoUITests.xctest */ = {isa = PBXFileReference; explicitFileType = wrapper.cfbundle; includeInIndex = 0; path = ShambaGoUITests.xctest; sourceTree = BUILT_PRODUCTS_DIR; };
/* End PBXFileReference section */

/* Begin PBXFileSystemSynchronizedRootGroup section */
		11A970A92D8BCEED00400C18 /* ShambaGo */ = {
			isa = PBXFileSystemSynchronizedRootGroup;
			path = ShambaGo;
			sourceTree = "<group>";
		};
		11A970BA2D8BCEEF00400C18 /* ShambaGoTests */ = {
			isa = PBXFileSystemSynchronizedRootGroup;
			path = ShambaGoTests;
			sourceTree = "<group>";
		};
		11A970C42D8BCEEF00400C18 /* ShambaGoUITests */ = {
			isa = PBXFileSystemSynchronizedRootGroup;
			path = ShambaGoUITests;
			sourceTree = "<group>";
		};
/* End PBXFileSystemSynchronizedRootGroup section */

/* Begin PBXFrameworksBuildPhase section */
		11A970A42D8BCEED00400C18 /* Frameworks */ = {
			isa = PBXFrameworksBuildPhase;
			buildActionMask = 2147483647;
			files = (
			);
			runOnlyForDeploymentPostprocessing = 0;
		};
		11A970B42D8BCEEF00400C18 /* Frameworks */ = {
			isa = PBXFrameworksBuildPhase;
			buildActionMask = 2147483647;
			files = (
			);
			runOnlyForDeploymentPostprocessing = 0;
		};
		11A970BE2D8BCEEF00400C18 /* Frameworks */ = {
			isa = PBXFrameworksBuildPhase;
			buildActionMask = 2147483647;
			files = (
			);
			runOnlyForDeploymentPostprocessing = 0;
		};
/* End PBXFrameworksBuildPhase section */

/* Begin PBXGroup section */
		11A9709E2D8BCEED00400C18 = {
			isa = PBXGroup;
			children = (
				11A970A92D8BCEED00400C18 /* ShambaGo */,
				11A970BA2D8BCEEF00400C18 /* ShambaGoTests */,
				11A970C42D8BCEEF00400C18 /* ShambaGoUITests */,
				11A970A82D8BCEED00400C18 /* Products */,
			);
			sourceTree = "<group>";
		};
		11A970A82D8BCEED00400C18 /* Products */ = {
			isa = PBXGroup;
			children = (
				11A970A72D8BCEED00400C18 /* ShambaGo.app */,
				11A970B72D8BCEEF00400C18 /* ShambaGoTests.xctest */,
				11A970C12D8BCEEF00400C18 /* ShambaGoUITests.xctest */,
			);
			name = Products;
			sourceTree = "<group>";
		};
/* End PBXGroup section */

/* Begin PBXNativeTarget section */
		11A970A62D8BCEED00400C18 /* ShambaGo */ = {
			isa = PBXNativeTarget;
			buildConfigurationList = 11A970CB2D8BCEEF00400C18 /* Build configuration list for PBXNativeTarget "ShambaGo" */;
			buildPhases = (
				11A970A32D8BCEED00400C18 /* Sources */,
				11A970A42D8BCEED00400C18 /* Frameworks */,
				11A970A52D8BCEED00400C18 /* Resources */,
			);
			buildRules = (
			);
			dependencies = (
			);
			fileSystemSynchronizedGroups = (
				11A970A92D8BCEED00400C18 /* ShambaGo */,
			);
			name = ShambaGo;
			packageProductDependencies = (
			);
			productName = ShambaGo;
			productReference = 11A970A72D8BCEED00400C18 /* ShambaGo.app */;
			productType = "com.apple.product-type.application";
		};
		11A970B62D8BCEEF00400C18 /* ShambaGoTests */ = {
			isa = PBXNativeTarget;
			buildConfigurationList = 11A970CE2D8BCEEF00400C18 /* Build configuration list for PBXNativeTarget "ShambaGoTests" */;
			buildPhases = (
				11A970B32D8BCEEF00400C18 /* Sources */,
				11A970B42D8BCEEF00400C18 /* Frameworks */,
				11A970B52D8BCEEF00400C18 /* Resources */,
			);
			buildRules = (
			);
			dependencies = (
				11A970B92D8BCEEF00400C18 /* PBXTargetDependency */,
			);
			fileSystemSynchronizedGroups = (
				11A970BA2D8BCEEF00400C18 /* ShambaGoTests */,
			);
			name = ShambaGoTests;
			packageProductDependencies = (
			);
			productName = ShambaGoTests;
			productReference = 11A970B72D8BCEEF00400C18 /* ShambaGoTests.xctest */;
			productType = "com.apple.product-type.bundle.unit-test";
		};
		11A970C02D8BCEEF00400C18 /* ShambaGoUITests */ = {
			isa = PBXNativeTarget;
			buildConfigurationList = 11A970D12D8BCEEF00400C18 /* Build configuration list for PBXNativeTarget "ShambaGoUITests" */;
			buildPhases = (
				11A970BD2D8BCEEF00400C18 /* Sources */,
				11A970BE2D8BCEEF00400C18 /* Frameworks */,
				11A970BF2D8BCEEF00400C18 /* Resources */,
			);
			buildRules = (
			);
			dependencies = (
				11A970C32D8BCEEF00400C18 /* PBXTargetDependency */,
			);
			fileSystemSynchronizedGroups = (
				11A970C42D8BCEEF00400C18 /* ShambaGoUITests */,
			);
			name = ShambaGoUITests;
			packageProductDependencies = (
			);
			productName = ShambaGoUITests;
			productReference = 11A970C12D8BCEEF00400C18 /* ShambaGoUITests.xctest */;
			productType = "com.apple.product-type.bundle.ui-testing";
		};
/* End PBXNativeTarget section */

/* Begin PBXProject section */
		11A9709F2D8BCEED00400C18 /* Project object */ = {
			isa = PBXProject;
			attributes = {
				BuildIndependentTargetsInParallel = 1;
				LastSwiftUpdateCheck = 1620;
				LastUpgradeCheck = 1620;
				TargetAttributes = {
					11A970A62D8BCEED00400C18 = {
						CreatedOnToolsVersion = 16.2;
					};
					11A970B62D8BCEEF00400C18 = {
						CreatedOnToolsVersion = 16.2;
						TestTargetID = 11A970A62D8BCEED00400C18;
					};
					11A970C02D8BCEEF00400C18 = {
						CreatedOnToolsVersion = 16.2;
						TestTargetID = 11A970A62D8BCEED00400C18;
					};
				};
			};
			buildConfigurationList = 11A970A22D8BCEED00400C18 /* Build configuration list for PBXProject "ShambaGo" */;
			developmentRegion = en;
			hasScannedForEncodings = 0;
			knownRegions = (
				en,
				Base,
			);
			mainGroup = 11A9709E2D8BCEED00400C18;
			minimizedProjectReferenceProxies = 1;
			preferredProjectObjectVersion = 77;
			productRefGroup = 11A970A82D8BCEED00400C18 /* Products */;
			projectDirPath = "";
			projectRoot = "";
			targets = (
				11A970A62D8BCEED00400C18 /* ShambaGo */,
				11A970B62D8BCEEF00400C18 /* ShambaGoTests */,
				11A970C02D8BCEEF00400C18 /* ShambaGoUITests */,
			);
		};
/* End PBXProject section */

/* Begin PBXResourcesBuildPhase section */
		11A970A52D8BCEED00400C18 /* Resources */ = {
			isa = PBXResourcesBuildPhase;
			buildActionMask = 2147483647;
			files = (
			);
			runOnlyForDeploymentPostprocessing = 0;
		};
		11A970B52D8BCEEF00400C18 /* Resources */ = {
			isa = PBXResourcesBuildPhase;
			buildActionMask = 2147483647;
			files = (
			);
			runOnlyForDeploymentPostprocessing = 0;
		};
		11A970BF2D8BCEEF00400C18 /* Resources */ = {
			isa = PBXResourcesBuildPhase;
			buildActionMask = 2147483647;
			files = (
			);
			runOnlyForDeploymentPostprocessing = 0;
		};
/* End PBXResourcesBuildPhase section */

/* Begin PBXSourcesBuildPhase section */
		11A970A32D8BCEED00400C18 /* Sources */ = {
			isa = PBXSourcesBuildPhase;
			buildActionMask = 2147483647;
			files = (
			);
			runOnlyForDeploymentPostprocessing = 0;
		};
		11A970B32D8BCEEF00400C18 /* Sources */ = {
			isa = PBXSourcesBuildPhase;
			buildActionMask = 2147483647;
			files = (
			);
			runOnlyForDeploymentPostprocessing = 0;
		};
		11A970BD2D8BCEEF00400C18 /* Sources */ = {
			isa = PBXSourcesBuildPhase;
			buildActionMask = 2147483647;
			files = (
			);
			runOnlyForDeploymentPostprocessing = 0;
		};
/* End PBXSourcesBuildPhase section */

/* Begin PBXTargetDependency section */
		11A970B92D8BCEEF00400C18 /* PBXTargetDependency */ = {
			isa = PBXTargetDependency;
			target = 11A970A62D8BCEED00400C18 /* ShambaGo */;
			targetProxy = 11A970B82D8BCEEF00400C18 /* PBXContainerItemProxy */;
		};
		11A970C32D8BCEEF00400C18 /* PBXTargetDependency */ = {
			isa = PBXTargetDependency;
			target = 11A970A62D8BCEED00400C18 /* ShambaGo */;
			targetProxy = 11A970C22D8BCEEF00400C18 /* PBXContainerItemProxy */;
		};
/* End PBXTargetDependency section */

/* Begin XCBuildConfiguration section */
		11A970C92D8BCEEF00400C18 /* Debug */ = {
			isa = XCBuildConfiguration;
			buildSettings = {
				ALWAYS_SEARCH_USER_PATHS = NO;
				ASSETCATALOG_COMPILER_GENERATE_SWIFT_ASSET_SYMBOL_EXTENSIONS = YES;
				CLANG_ANALYZER_NONNULL = YES;
				CLANG_ANALYZER_NUMBER_OBJECT_CONVERSION = YES_AGGRESSIVE;
				CLANG_CXX_LANGUAGE_STANDARD = "gnu++20";
				CLANG_ENABLE_MODULES = YES;
				CLANG_ENABLE_OBJC_ARC = YES;
				CLANG_ENABLE_OBJC_WEAK = YES;
				CLANG_WARN_BLOCK_CAPTURE_AUTORELEASING = YES;
				CLANG_WARN_BOOL_CONVERSION = YES;
				CLANG_WARN_COMMA = YES;
				CLANG_WARN_CONSTANT_CONVERSION = YES;
				CLANG_WARN_DEPRECATED_OBJC_IMPLEMENTATIONS = YES;
				CLANG_WARN_DIRECT_OBJC_ISA_USAGE = YES_ERROR;
				CLANG_WARN_DOCUMENTATION_COMMENTS = YES;
				CLANG_WARN_EMPTY_BODY = YES;
				CLANG_WARN_ENUM_CONVERSION = YES;
				CLANG_WARN_INFINITE_RECURSION = YES;
				CLANG_WARN_INT_CONVERSION = YES;
				CLANG_WARN_NON_LITERAL_NULL_CONVERSION = YES;
				CLANG_WARN_OBJC_IMPLICIT_RETAIN_SELF = YES;
				CLANG_WARN_OBJC_LITERAL_CONVERSION = YES;
				CLANG_WARN_OBJC_ROOT_CLASS = YES_ERROR;
				CLANG_WARN_QUOTED_INCLUDE_IN_FRAMEWORK_HEADER = YES;
				CLANG_WARN_RANGE_LOOP_ANALYSIS = YES;
				CLANG_WARN_STRICT_PROTOTYPES = YES;
				CLANG_WARN_SUSPICIOUS_MOVE = YES;
				CLANG_WARN_UNGUARDED_AVAILABILITY = YES_AGGRESSIVE;
				CLANG_WARN_UNREACHABLE_CODE = YES;
				CLANG_WARN__DUPLICATE_METHOD_MATCH = YES;
				COPY_PHASE_STRIP = NO;
				DEBUG_INFORMATION_FORMAT = dwarf;
				ENABLE_STRICT_OBJC_MSGSEND = YES;
				ENABLE_TESTABILITY = YES;
				ENABLE_USER_SCRIPT_SANDBOXING = YES;
				GCC_C_LANGUAGE_STANDARD = gnu17;
				GCC_DYNAMIC_NO_PIC = NO;
				GCC_NO_COMMON_BLOCKS = YES;
				GCC_OPTIMIZATION_LEVEL = 0;
				GCC_PREPROCESSOR_DEFINITIONS = (
					"DEBUG=1",
					"$(inherited)",
				);
				GCC_WARN_64_TO_32_BIT_CONVERSION = YES;
				GCC_WARN_ABOUT_RETURN_TYPE = YES_ERROR;
				GCC_WARN_UNDECLARED_SELECTOR = YES;
				GCC_WARN_UNINITIALIZED_AUTOS = YES_AGGRESSIVE;
				GCC_WARN_UNUSED_FUNCTION = YES;
				GCC_WARN_UNUSED_VARIABLE = YES;
				IPHONEOS_DEPLOYMENT_TARGET = 18.2;
				LOCALIZATION_PREFERS_STRING_CATALOGS = YES;
				MTL_ENABLE_DEBUG_INFO = INCLUDE_SOURCE;
				MTL_FAST_MATH = YES;
				ONLY_ACTIVE_ARCH = YES;
				SDKROOT = iphoneos;
				SWIFT_ACTIVE_COMPILATION_CONDITIONS = "DEBUG $(inherited)";
				SWIFT_OPTIMIZATION_LEVEL = "-Onone";
			};
			name = Debug;
		};
		11A970CA2D8BCEEF00400C18 /* Release */ = {
			isa = XCBuildConfiguration;
			buildSettings = {
				ALWAYS_SEARCH_USER_PATHS = NO;
				ASSETCATALOG_COMPILER_GENERATE_SWIFT_ASSET_SYMBOL_EXTENSIONS = YES;
				CLANG_ANALYZER_NONNULL = YES;
				CLANG_ANALYZER_NUMBER_OBJECT_CONVERSION = YES_AGGRESSIVE;
				CLANG_CXX_LANGUAGE_STANDARD = "gnu++20";
				CLANG_ENABLE_MODULES = YES;
				CLANG_ENABLE_OBJC_ARC = YES;
				CLANG_ENABLE_OBJC_WEAK = YES;
				CLANG_WARN_BLOCK_CAPTURE_AUTORELEASING = YES;
				CLANG_WARN_BOOL_CONVERSION = YES;
				CLANG_WARN_COMMA = YES;
				CLANG_WARN_CONSTANT_CONVERSION = YES;
				CLANG_WARN_DEPRECATED_OBJC_IMPLEMENTATIONS = YES;
				CLANG_WARN_DIRECT_OBJC_ISA_USAGE = YES_ERROR;
				CLANG_WARN_DOCUMENTATION_COMMENTS = YES;
				CLANG_WARN_EMPTY_BODY = YES;
				CLANG_WARN_ENUM_CONVERSION = YES;
				CLANG_WARN_INFINITE_RECURSION = YES;
				CLANG_WARN_INT_CONVERSION = YES;
				CLANG_WARN_NON_LITERAL_NULL_CONVERSION = YES;
				CLANG_WARN_OBJC_IMPLICIT_RETAIN_SELF = YES;
				CLANG_WARN_OBJC_LITERAL_CONVERSION = YES;
				CLANG_WARN_OBJC_ROOT_CLASS = YES_ERROR;
				CLANG_WARN_QUOTED_INCLUDE_IN_FRAMEWORK_HEADER = YES;
				CLANG_WARN_RANGE_LOOP_ANALYSIS = YES;
				CLANG_WARN_STRICT_PROTOTYPES = YES;
				CLANG_WARN_SUSPICIOUS_MOVE = YES;
				CLANG_WARN_UNGUARDED_AVAILABILITY = YES_AGGRESSIVE;
				CLANG_WARN_UNREACHABLE_CODE = YES;
				CLANG_WARN__DUPLICATE_METHOD_MATCH = YES;
				COPY_PHASE_STRIP = NO;
				DEBUG_INFORMATION_FORMAT = "dwarf-with-dsym";
				ENABLE_NS_ASSERTIONS = NO;
				ENABLE_STRICT_OBJC_MSGSEND = YES;
				ENABLE_USER_SCRIPT_SANDBOXING = YES;
				GCC_C_LANGUAGE_STANDARD = gnu17;
				GCC_NO_COMMON_BLOCKS = YES;
				GCC_WARN_64_TO_32_BIT_CONVERSION = YES;
				GCC_WARN_ABOUT_RETURN_TYPE = YES_ERROR;
				GCC_WARN_UNDECLARED_SELECTOR = YES;
				GCC_WARN_UNINITIALIZED_AUTOS = YES_AGGRESSIVE;
				GCC_WARN_UNUSED_FUNCTION = YES;
				GCC_WARN_UNUSED_VARIABLE = YES;
				IPHONEOS_DEPLOYMENT_TARGET = 18.2;
				LOCALIZATION_PREFERS_STRING_CATALOGS = YES;
				MTL_ENABLE_DEBUG_INFO = NO;
				MTL_FAST_MATH = YES;
				SDKROOT = iphoneos;
				SWIFT_COMPILATION_MODE = wholemodule;
				VALIDATE_PRODUCT = YES;
			};
			name = Release;
		};
		11A970CC2D8BCEEF00400C18 /* Debug */ = {
			isa = XCBuildConfiguration;
			buildSettings = {
				ASSETCATALOG_COMPILER_APPICON_NAME = AppIcon;
				ASSETCATALOG_COMPILER_GLOBAL_ACCENT_COLOR_NAME = AccentColor;
				CODE_SIGN_STYLE = Automatic;
				CURRENT_PROJECT_VERSION = 1;
				DEVELOPMENT_ASSET_PATHS = "\"ShambaGo/Preview Content\"";
				DEVELOPMENT_TEAM = WAUDY5458Y;
				ENABLE_PREVIEWS = YES;
				GENERATE_INFOPLIST_FILE = YES;
				INFOPLIST_KEY_UIApplicationSceneManifest_Generation = YES;
				INFOPLIST_KEY_UIApplicationSupportsIndirectInputEvents = YES;
				INFOPLIST_KEY_UILaunchScreen_Generation = YES;
				INFOPLIST_KEY_UISupportedInterfaceOrientations_iPad = "UIInterfaceOrientationPortrait UIInterfaceOrientationPortraitUpsideDown UIInterfaceOrientationLandscapeLeft UIInterfaceOrientationLandscapeRight";
				INFOPLIST_KEY_UISupportedInterfaceOrientations_iPhone = "UIInterfaceOrientationPortrait UIInterfaceOrientationLandscapeLeft UIInterfaceOrientationLandscapeRight";
				LD_RUNPATH_SEARCH_PATHS = (
					"$(inherited)",
					"@executable_path/Frameworks",
				);
				MARKETING_VERSION = 1.0;
				PRODUCT_BUNDLE_IDENTIFIER = com.ShambaGo;
				PRODUCT_NAME = "$(TARGET_NAME)";
				SWIFT_EMIT_LOC_STRINGS = YES;
				SWIFT_VERSION = 5.0;
				TARGETED_DEVICE_FAMILY = "1,2";
			};
			name = Debug;
		};
		11A970CD2D8BCEEF00400C18 /* Release */ = {
			isa = XCBuildConfiguration;
			buildSettings = {
				ASSETCATALOG_COMPILER_APPICON_NAME = AppIcon;
				ASSETCATALOG_COMPILER_GLOBAL_ACCENT_COLOR_NAME = AccentColor;
				CODE_SIGN_STYLE = Automatic;
				CURRENT_PROJECT_VERSION = 1;
				DEVELOPMENT_ASSET_PATHS = "\"ShambaGo/Preview Content\"";
				DEVELOPMENT_TEAM = WAUDY5458Y;
				ENABLE_PREVIEWS = YES;
				GENERATE_INFOPLIST_FILE = YES;
				INFOPLIST_KEY_UIApplicationSceneManifest_Generation = YES;
				INFOPLIST_KEY_UIApplicationSupportsIndirectInputEvents = YES;
				INFOPLIST_KEY_UILaunchScreen_Generation = YES;
				INFOPLIST_KEY_UISupportedInterfaceOrientations_iPad = "UIInterfaceOrientationPortrait UIInterfaceOrientationPortraitUpsideDown UIInterfaceOrientationLandscapeLeft UIInterfaceOrientationLandscapeRight";
				INFOPLIST_KEY_UISupportedInterfaceOrientations_iPhone = "UIInterfaceOrientationPortrait UIInterfaceOrientationLandscapeLeft UIInterfaceOrientationLandscapeRight";
				LD_RUNPATH_SEARCH_PATHS = (
					"$(inherited)",
					"@executable_path/Frameworks",
				);
				MARKETING_VERSION = 1.0;
				PRODUCT_BUNDLE_IDENTIFIER = com.ShambaGo;
				PRODUCT_NAME = "$(TARGET_NAME)";
				SWIFT_EMIT_LOC_STRINGS = YES;
				SWIFT_VERSION = 5.0;
				TARGETED_DEVICE_FAMILY = "1,2";
			};
			name = Release;
		};
		11A970CF2D8BCEEF00400C18 /* Debug */ = {
			isa = XCBuildConfiguration;
			buildSettings = {
				BUNDLE_LOADER = "$(TEST_HOST)";
				CODE_SIGN_STYLE = Automatic;
				CURRENT_PROJECT_VERSION = 1;
				DEVELOPMENT_TEAM = WAUDY5458Y;
				GENERATE_INFOPLIST_FILE = YES;
				IPHONEOS_DEPLOYMENT_TARGET = 18.2;
				MARKETING_VERSION = 1.0;
				PRODUCT_BUNDLE_IDENTIFIER = com.ShambaGoTests;
				PRODUCT_NAME = "$(TARGET_NAME)";
				SWIFT_EMIT_LOC_STRINGS = NO;
				SWIFT_VERSION = 5.0;
				TARGETED_DEVICE_FAMILY = "1,2";
				TEST_HOST = "$(BUILT_PRODUCTS_DIR)/ShambaGo.app/$(BUNDLE_EXECUTABLE_FOLDER_PATH)/ShambaGo";
			};
			name = Debug;
		};
		11A970D02D8BCEEF00400C18 /* Release */ = {
			isa = XCBuildConfiguration;
			buildSettings = {
				BUNDLE_LOADER = "$(TEST_HOST)";
				CODE_SIGN_STYLE = Automatic;
				CURRENT_PROJECT_VERSION = 1;
				DEVELOPMENT_TEAM = WAUDY5458Y;
				GENERATE_INFOPLIST_FILE = YES;
				IPHONEOS_DEPLOYMENT_TARGET = 18.2;
				MARKETING_VERSION = 1.0;
				PRODUCT_BUNDLE_IDENTIFIER = com.ShambaGoTests;
				PRODUCT_NAME = "$(TARGET_NAME)";
				SWIFT_EMIT_LOC_STRINGS = NO;
				SWIFT_VERSION = 5.0;
				TARGETED_DEVICE_FAMILY = "1,2";
				TEST_HOST = "$(BUILT_PRODUCTS_DIR)/ShambaGo.app/$(BUNDLE_EXECUTABLE_FOLDER_PATH)/ShambaGo";
			};
			name = Release;
		};
		11A970D22D8BCEEF00400C18 /* Debug */ = {
			isa = XCBuildConfiguration;
			buildSettings = {
				CODE_SIGN_STYLE = Automatic;
				CURRENT_PROJECT_VERSION = 1;
				DEVELOPMENT_TEAM = WAUDY5458Y;
				GENERATE_INFOPLIST_FILE = YES;
				MARKETING_VERSION = 1.0;
				PRODUCT_BUNDLE_IDENTIFIER = com.ShambaGoUITests;
				PRODUCT_NAME = "$(TARGET_NAME)";
				SWIFT_EMIT_LOC_STRINGS = NO;
				SWIFT_VERSION = 5.0;
				TARGETED_DEVICE_FAMILY = "1,2";
				TEST_TARGET_NAME = ShambaGo;
			};
			name = Debug;
		};
		11A970D32D8BCEEF00400C18 /* Release */ = {
			isa = XCBuildConfiguration;
			buildSettings = {
				CODE_SIGN_STYLE = Automatic;
				CURRENT_PROJECT_VERSION = 1;
				DEVELOPMENT_TEAM = WAUDY5458Y;
				GENERATE_INFOPLIST_FILE = YES;
				MARKETING_VERSION = 1.0;
				PRODUCT_BUNDLE_IDENTIFIER = com.ShambaGoUITests;
				PRODUCT_NAME = "$(TARGET_NAME)";
				SWIFT_EMIT_LOC_STRINGS = NO;
				SWIFT_VERSION = 5.0;
				TARGETED_DEVICE_FAMILY = "1,2";
				TEST_TARGET_NAME = ShambaGo;
			};
			name = Release;
		};
/* End XCBuildConfiguration section */

/* Begin XCConfigurationList section */
		11A970A22D8BCEED00400C18 /* Build configuration list for PBXProject "ShambaGo" */ = {
			isa = XCConfigurationList;
			buildConfigurations = (
				11A970C92D8BCEEF00400C18 /* Debug */,
				11A970CA2D8BCEEF00400C18 /* Release */,
			);
			defaultConfigurationIsVisible = 0;
			defaultConfigurationName = Release;
		};
		11A970CB2D8BCEEF00400C18 /* Build configuration list for PBXNativeTarget "ShambaGo" */ = {
			isa = XCConfigurationList;
			buildConfigurations = (
				11A970CC2D8BCEEF00400C18 /* Debug */,
				11A970CD2D8BCEEF00400C18 /* Release */,
			);
			defaultConfigurationIsVisible = 0;
			defaultConfigurationName = Release;
		};
		11A970CE2D8BCEEF00400C18 /* Build configuration list for PBXNativeTarget "ShambaGoTests" */ = {
			isa = XCConfigurationList;
			buildConfigurations = (
				11A970CF2D8BCEEF00400C18 /* Debug */,
				11A970D02D8BCEEF00400C18 /* Release */,
			);
			defaultConfigurationIsVisible = 0;
			defaultConfigurationName = Release;
		};
		11A970D12D8BCEEF00400C18 /* Build configuration list for PBXNativeTarget "ShambaGoUITests" */ = {
			isa = XCConfigurationList;
			buildConfigurations = (
				11A970D22D8BCEEF00400C18 /* Debug */,
				11A970D32D8BCEEF00400C18 /* Release */,
			);
			defaultConfigurationIsVisible = 0;
			defaultConfigurationName = Release;
		};
/* End XCConfigurationList section */
	};
	rootObject = 11A9709F2D8BCEED00400C18 /* Project object */;
}
